
Microsoft Visual Studio Solution File, Format Version 12.00
# Visual Studio Version 16
VisualStudioVersion = 16.0.32002.261
MinimumVisualStudioVersion = 10.0.40219.1
Project("{FAE04EC0-301F-11D3-BF4B-00C04F79EFBC}") = "Table", "Table.csproj", "{09A369C3-F8CE-437C-BBBB-FA27301F3343}"
EndProject
Global
	GlobalSection(SolutionConfigurationPlatforms) = preSolution
		Debug|Any CPU = Debug|Any CPU
		Release|Any CPU = Release|Any CPU
	EndGlobalSection
	GlobalSection(ProjectConfigurationPlatforms) = postSolution
		{09A369C3-F8CE-437C-BBBB-FA27301F3343}.Debug|Any CPU.ActiveCfg = Debug|Any CPU
		{09A369C3-F8CE-437C-BBBB-FA27301F3343}.Debug|Any CPU.Build.0 = Debug|Any CPU
		{09A369C3-F8CE-437C-BBBB-FA27301F3343}.Release|Any CPU.ActiveCfg = Release|Any CPU
		{09A369C3-F8CE-437C-BBBB-FA27301F3343}.Release|Any CPU.Build.0 = Release|Any CPU
	EndGlobalSection
	GlobalSection(SolutionProperties) = preSolution
		HideSolutionNode = FALSE
	EndGlobalSection
	GlobalSection(ExtensibilityGlobals) = postSolution
		SolutionGuid = {4243F6C2-B55C-4071-8FA3-FB1F4078B6EC}
	EndGlobalSection
EndGlobal
